// !$*UTF8*$!
{
	archiveVersion = 1;
	classes = {
	};
	objectVersion = 48;
	objects = {

/* Begin PBXBuildFile section */
		C1188A271FD0C14A008E5B17 /* ArtworkLocations.swift in Sources */ = {isa = PBXBuildFile; fileRef = C1188A261FD0C14A008E5B17 /* ArtworkLocations.swift */; };
		C15A45FE1FCB2F40007DE81F /* MapAndTableVC.swift in Sources */ = {isa = PBXBuildFile; fileRef = C15A45FD1FCB2F40007DE81F /* MapAndTableVC.swift */; };
		C172D3CA1FCC326E00192FB0 /* ArtworkDescriptionVC.swift in Sources */ = {isa = PBXBuildFile; fileRef = C172D3C91FCC326E00192FB0 /* ArtworkDescriptionVC.swift */; };
		C172D3CC1FCC409D00192FB0 /* ArtworkDescriptionChildVC.swift in Sources */ = {isa = PBXBuildFile; fileRef = C172D3CB1FCC409D00192FB0 /* ArtworkDescriptionChildVC.swift */; };
		C181439E1FCFFE4F0023D3E1 /* CollectionVC.swift in Sources */ = {isa = PBXBuildFile; fileRef = C181439D1FCFFE4F0023D3E1 /* CollectionVC.swift */; };
		C18143A01FD015D10023D3E1 /* CollectionVCell.swift in Sources */ = {isa = PBXBuildFile; fileRef = C181439F1FD015D10023D3E1 /* CollectionVCell.swift */; };
		C18482CF1FCE0DB800F5C499 /* CustomAnnotation.swift in Sources */ = {isa = PBXBuildFile; fileRef = C18482CE1FCE0DB800F5C499 /* CustomAnnotation.swift */; };
		C18482F61FCE276800F5C499 /* MarkerAnnotationView.swift in Sources */ = {isa = PBXBuildFile; fileRef = C18482F51FCE276800F5C499 /* MarkerAnnotationView.swift */; };
		C1950FF21FD6E0860006E25B /* TextViewController.swift in Sources */ = {isa = PBXBuildFile; fileRef = C1950FF11FD6E0860006E25B /* TextViewController.swift */; };
		C1B6815E1FD4191000C04622 /* placeholder.png in Resources */ = {isa = PBXBuildFile; fileRef = C1B6815D1FD4191000C04622 /* placeholder.png */; };
		C1B681621FD4C13C00C04622 /* ImageViewController.swift in Sources */ = {isa = PBXBuildFile; fileRef = C1B681611FD4C13C00C04622 /* ImageViewController.swift */; };
		C1C48DC81FC72536006EC9BE /* AppDelegate.swift in Sources */ = {isa = PBXBuildFile; fileRef = C1C48DC71FC72536006EC9BE /* AppDelegate.swift */; };
		C1C48DCA1FC72536006EC9BE /* ViewController.swift in Sources */ = {isa = PBXBuildFile; fileRef = C1C48DC91FC72536006EC9BE /* ViewController.swift */; };
		C1C48DCD1FC72536006EC9BE /* Main.storyboard in Resources */ = {isa = PBXBuildFile; fileRef = C1C48DCB1FC72536006EC9BE /* Main.storyboard */; };
		C1C48DD01FC72536006EC9BE /* ArtworksOnCampus.xcdatamodeld in Sources */ = {isa = PBXBuildFile; fileRef = C1C48DCE1FC72536006EC9BE /* ArtworksOnCampus.xcdatamodeld */; };
		C1C48DD21FC72536006EC9BE /* Assets.xcassets in Resources */ = {isa = PBXBuildFile; fileRef = C1C48DD11FC72536006EC9BE /* Assets.xcassets */; };
		C1C48DD51FC72536006EC9BE /* LaunchScreen.storyboard in Resources */ = {isa = PBXBuildFile; fileRef = C1C48DD31FC72536006EC9BE /* LaunchScreen.storyboard */; };
		C1C48DDF1FC73EA8006EC9BE /* PersistenceService.swift in Sources */ = {isa = PBXBuildFile; fileRef = C1C48DDE1FC73EA8006EC9BE /* PersistenceService.swift */; };
		C1C48DE11FC73EF1006EC9BE /* CoreDataRequests.swift in Sources */ = {isa = PBXBuildFile; fileRef = C1C48DE01FC73EF1006EC9BE /* CoreDataRequests.swift */; };
		C1C48DE31FC74328006EC9BE /* ArtworksModel.swift in Sources */ = {isa = PBXBuildFile; fileRef = C1C48DE21FC74328006EC9BE /* ArtworksModel.swift */; };
/* End PBXBuildFile section */

/* Begin PBXFileReference section */
		C1188A261FD0C14A008E5B17 /* ArtworkLocations.swift */ = {isa = PBXFileReference; lastKnownFileType = sourcecode.swift; path = ArtworkLocations.swift; sourceTree = "<group>"; };
		C15A45FD1FCB2F40007DE81F /* MapAndTableVC.swift */ = {isa = PBXFileReference; lastKnownFileType = sourcecode.swift; path = MapAndTableVC.swift; sourceTree = "<group>"; };
		C172D3C91FCC326E00192FB0 /* ArtworkDescriptionVC.swift */ = {isa = PBXFileReference; lastKnownFileType = sourcecode.swift; path = ArtworkDescriptionVC.swift; sourceTree = "<group>"; };
		C172D3CB1FCC409D00192FB0 /* ArtworkDescriptionChildVC.swift */ = {isa = PBXFileReference; lastKnownFileType = sourcecode.swift; path = ArtworkDescriptionChildVC.swift; sourceTree = "<group>"; };
		C181439D1FCFFE4F0023D3E1 /* CollectionVC.swift */ = {isa = PBXFileReference; lastKnownFileType = sourcecode.swift; path = CollectionVC.swift; sourceTree = "<group>"; };
		C181439F1FD015D10023D3E1 /* CollectionVCell.swift */ = {isa = PBXFileReference; lastKnownFileType = sourcecode.swift; path = CollectionVCell.swift; sourceTree = "<group>"; };
		C18482CE1FCE0DB800F5C499 /* CustomAnnotation.swift */ = {isa = PBXFileReference; lastKnownFileType = sourcecode.swift; path = CustomAnnotation.swift; sourceTree = "<group>"; };
		C18482F51FCE276800F5C499 /* MarkerAnnotationView.swift */ = {isa = PBXFileReference; lastKnownFileType = sourcecode.swift; path = MarkerAnnotationView.swift; sourceTree = "<group>"; };
		C1950FF11FD6E0860006E25B /* TextViewController.swift */ = {isa = PBXFileReference; lastKnownFileType = sourcecode.swift; path = TextViewController.swift; sourceTree = "<group>"; };
		C1B6815D1FD4191000C04622 /* placeholder.png */ = {isa = PBXFileReference; lastKnownFileType = image.png; path = placeholder.png; sourceTree = "<group>"; };
		C1B681611FD4C13C00C04622 /* ImageViewController.swift */ = {isa = PBXFileReference; lastKnownFileType = sourcecode.swift; path = ImageViewController.swift; sourceTree = "<group>"; };
		C1C48DC41FC72536006EC9BE /* ArtworksOnCampus.app */ = {isa = PBXFileReference; explicitFileType = wrapper.application; includeInIndex = 0; path = ArtworksOnCampus.app; sourceTree = BUILT_PRODUCTS_DIR; };
		C1C48DC71FC72536006EC9BE /* AppDelegate.swift */ = {isa = PBXFileReference; lastKnownFileType = sourcecode.swift; path = AppDelegate.swift; sourceTree = "<group>"; };
		C1C48DC91FC72536006EC9BE /* ViewController.swift */ = {isa = PBXFileReference; lastKnownFileType = sourcecode.swift; path = ViewController.swift; sourceTree = "<group>"; };
		C1C48DCC1FC72536006EC9BE /* Base */ = {isa = PBXFileReference; lastKnownFileType = file.storyboard; name = Base; path = Base.lproj/Main.storyboard; sourceTree = "<group>"; };
		C1C48DCF1FC72536006EC9BE /* ArtworksOnCampus.xcdatamodel */ = {isa = PBXFileReference; lastKnownFileType = wrapper.xcdatamodel; path = ArtworksOnCampus.xcdatamodel; sourceTree = "<group>"; };
		C1C48DD11FC72536006EC9BE /* Assets.xcassets */ = {isa = PBXFileReference; lastKnownFileType = folder.assetcatalog; path = Assets.xcassets; sourceTree = "<group>"; };
		C1C48DD41FC72536006EC9BE /* Base */ = {isa = PBXFileReference; lastKnownFileType = file.storyboard; name = Base; path = Base.lproj/LaunchScreen.storyboard; sourceTree = "<group>"; };
		C1C48DD61FC72536006EC9BE /* Info.plist */ = {isa = PBXFileReference; lastKnownFileType = text.plist.xml; path = Info.plist; sourceTree = "<group>"; };
		C1C48DDE1FC73EA8006EC9BE /* PersistenceService.swift */ = {isa = PBXFileReference; lastKnownFileType = sourcecode.swift; path = PersistenceService.swift; sourceTree = "<group>"; };
		C1C48DE01FC73EF1006EC9BE /* CoreDataRequests.swift */ = {isa = PBXFileReference; lastKnownFileType = sourcecode.swift; path = CoreDataRequests.swift; sourceTree = "<group>"; };
		C1C48DE21FC74328006EC9BE /* ArtworksModel.swift */ = {isa = PBXFileReference; lastKnownFileType = sourcecode.swift; path = ArtworksModel.swift; sourceTree = "<group>"; };
/* End PBXFileReference section */

/* Begin PBXFrameworksBuildPhase section */
		C1C48DC11FC72536006EC9BE /* Frameworks */ = {
			isa = PBXFrameworksBuildPhase;
			buildActionMask = 2147483647;
			files = (
			);
			runOnlyForDeploymentPostprocessing = 0;
		};
/* End PBXFrameworksBuildPhase section */

/* Begin PBXGroup section */
		C1950FF31FD729D70006E25B /* Controllers */ = {
			isa = PBXGroup;
			children = (
				C1C48DC91FC72536006EC9BE /* ViewController.swift */,
				C181439D1FCFFE4F0023D3E1 /* CollectionVC.swift */,
				C1950FF11FD6E0860006E25B /* TextViewController.swift */,
				C1B681611FD4C13C00C04622 /* ImageViewController.swift */,
				C181439F1FD015D10023D3E1 /* CollectionVCell.swift */,
				C172D3CB1FCC409D00192FB0 /* ArtworkDescriptionChildVC.swift */,
				C172D3C91FCC326E00192FB0 /* ArtworkDescriptionVC.swift */,
				C15A45FD1FCB2F40007DE81F /* MapAndTableVC.swift */,
			);
			path = Controllers;
			sourceTree = "<group>";
		};
		C1950FF41FD729F40006E25B /* View */ = {
			isa = PBXGroup;
			children = (
				C1C48DCB1FC72536006EC9BE /* Main.storyboard */,
				C1C48DD31FC72536006EC9BE /* LaunchScreen.storyboard */,
			);
			path = View;
			sourceTree = "<group>";
		};
		C1C48DBB1FC72536006EC9BE = {
			isa = PBXGroup;
			children = (
				C1C48DC61FC72536006EC9BE /* ArtworksOnCampus */,
				C1C48DC51FC72536006EC9BE /* Products */,
			);
			sourceTree = "<group>";
		};
		C1C48DC51FC72536006EC9BE /* Products */ = {
			isa = PBXGroup;
			children = (
				C1C48DC41FC72536006EC9BE /* ArtworksOnCampus.app */,
			);
			name = Products;
			sourceTree = "<group>";
		};
		C1C48DC61FC72536006EC9BE /* ArtworksOnCampus */ = {
			isa = PBXGroup;
			children = (
				C1C48DDC1FC73E65006EC9BE /* Model */,
				C1950FF31FD729D70006E25B /* Controllers */,
				C1950FF41FD729F40006E25B /* View */,
				C1C48DC71FC72536006EC9BE /* AppDelegate.swift */,
				C1C48DD11FC72536006EC9BE /* Assets.xcassets */,
				C1B6815D1FD4191000C04622 /* placeholder.png */,
				C1C48DD61FC72536006EC9BE /* Info.plist */,
			);
			path = ArtworksOnCampus;
			sourceTree = "<group>";
		};
		C1C48DDC1FC73E65006EC9BE /* Model */ = {
			isa = PBXGroup;
			children = (
				C1C48DCE1FC72536006EC9BE /* ArtworksOnCampus.xcdatamodeld */,
				C18482CE1FCE0DB800F5C499 /* CustomAnnotation.swift */,
				C1188A261FD0C14A008E5B17 /* ArtworkLocations.swift */,
				C18482F51FCE276800F5C499 /* MarkerAnnotationView.swift */,
				C1C48DDE1FC73EA8006EC9BE /* PersistenceService.swift */,
				C1C48DE01FC73EF1006EC9BE /* CoreDataRequests.swift */,
				C1C48DE21FC74328006EC9BE /* ArtworksModel.swift */,
			);
			path = Model;
			sourceTree = "<group>";
		};
/* End PBXGroup section */

/* Begin PBXNativeTarget section */
		C1C48DC31FC72536006EC9BE /* ArtworksOnCampus */ = {
			isa = PBXNativeTarget;
			buildConfigurationList = C1C48DD91FC72536006EC9BE /* Build configuration list for PBXNativeTarget "ArtworksOnCampus" */;
			buildPhases = (
				C1C48DC01FC72536006EC9BE /* Sources */,
				C1C48DC11FC72536006EC9BE /* Frameworks */,
				C1C48DC21FC72536006EC9BE /* Resources */,
			);
			buildRules = (
			);
			dependencies = (
			);
			name = ArtworksOnCampus;
			productName = ArtworksOnCampus;
			productReference = C1C48DC41FC72536006EC9BE /* ArtworksOnCampus.app */;
			productType = "com.apple.product-type.application";
		};
/* End PBXNativeTarget section */

/* Begin PBXProject section */
		C1C48DBC1FC72536006EC9BE /* Project object */ = {
			isa = PBXProject;
			attributes = {
				LastSwiftUpdateCheck = 0910;
				LastUpgradeCheck = 0910;
				ORGANIZATIONNAME = "Mark Wilson";
				TargetAttributes = {
					C1C48DC31FC72536006EC9BE = {
						CreatedOnToolsVersion = 9.1;
						ProvisioningStyle = Automatic;
					};
				};
			};
			buildConfigurationList = C1C48DBF1FC72536006EC9BE /* Build configuration list for PBXProject "ArtworksOnCampus" */;
			compatibilityVersion = "Xcode 8.0";
			developmentRegion = en;
			hasScannedForEncodings = 0;
			knownRegions = (
				en,
				Base,
			);
			mainGroup = C1C48DBB1FC72536006EC9BE;
			productRefGroup = C1C48DC51FC72536006EC9BE /* Products */;
			projectDirPath = "";
			projectRoot = "";
			targets = (
				C1C48DC31FC72536006EC9BE /* ArtworksOnCampus */,
			);
		};
/* End PBXProject section */

/* Begin PBXResourcesBuildPhase section */
		C1C48DC21FC72536006EC9BE /* Resources */ = {
			isa = PBXResourcesBuildPhase;
			buildActionMask = 2147483647;
			files = (
				C1C48DD51FC72536006EC9BE /* LaunchScreen.storyboard in Resources */,
				C1C48DD21FC72536006EC9BE /* Assets.xcassets in Resources */,
				C1B6815E1FD4191000C04622 /* placeholder.png in Resources */,
				C1C48DCD1FC72536006EC9BE /* Main.storyboard in Resources */,
			);
			runOnlyForDeploymentPostprocessing = 0;
		};
/* End PBXResourcesBuildPhase section */

/* Begin PBXSourcesBuildPhase section */
		C1C48DC01FC72536006EC9BE /* Sources */ = {
			isa = PBXSourcesBuildPhase;
			buildActionMask = 2147483647;
			files = (
				C1C48DE31FC74328006EC9BE /* ArtworksModel.swift in Sources */,
				C1C48DE11FC73EF1006EC9BE /* CoreDataRequests.swift in Sources */,
				C18482F61FCE276800F5C499 /* MarkerAnnotationView.swift in Sources */,
				C172D3CC1FCC409D00192FB0 /* ArtworkDescriptionChildVC.swift in Sources */,
				C18143A01FD015D10023D3E1 /* CollectionVCell.swift in Sources */,
				C1C48DD01FC72536006EC9BE /* ArtworksOnCampus.xcdatamodeld in Sources */,
				C1B681621FD4C13C00C04622 /* ImageViewController.swift in Sources */,
				C1950FF21FD6E0860006E25B /* TextViewController.swift in Sources */,
				C1C48DDF1FC73EA8006EC9BE /* PersistenceService.swift in Sources */,
				C1188A271FD0C14A008E5B17 /* ArtworkLocations.swift in Sources */,
				C172D3CA1FCC326E00192FB0 /* ArtworkDescriptionVC.swift in Sources */,
				C1C48DCA1FC72536006EC9BE /* ViewController.swift in Sources */,
				C18482CF1FCE0DB800F5C499 /* CustomAnnotation.swift in Sources */,
				C1C48DC81FC72536006EC9BE /* AppDelegate.swift in Sources */,
				C181439E1FCFFE4F0023D3E1 /* CollectionVC.swift in Sources */,
				C15A45FE1FCB2F40007DE81F /* MapAndTableVC.swift in Sources */,
			);
			runOnlyForDeploymentPostprocessing = 0;
		};
/* End PBXSourcesBuildPhase section */

/* Begin PBXVariantGroup section */
		C1C48DCB1FC72536006EC9BE /* Main.storyboard */ = {
			isa = PBXVariantGroup;
			children = (
				C1C48DCC1FC72536006EC9BE /* Base */,
			);
			name = Main.storyboard;
			sourceTree = "<group>";
		};
		C1C48DD31FC72536006EC9BE /* LaunchScreen.storyboard */ = {
			isa = PBXVariantGroup;
			children = (
				C1C48DD41FC72536006EC9BE /* Base */,
			);
			name = LaunchScreen.storyboard;
			sourceTree = "<group>";
		};
/* End PBXVariantGroup section */

/* Begin XCBuildConfiguration section */
		C1C48DD71FC72536006EC9BE /* Debug */ = {
			isa = XCBuildConfiguration;
			buildSettings = {
				ALWAYS_SEARCH_USER_PATHS = NO;
				CLANG_ANALYZER_NONNULL = YES;
				CLANG_ANALYZER_NUMBER_OBJECT_CONVERSION = YES_AGGRESSIVE;
				CLANG_CXX_LANGUAGE_STANDARD = "gnu++14";
				CLANG_CXX_LIBRARY = "libc++";
				CLANG_ENABLE_MODULES = YES;
				CLANG_ENABLE_OBJC_ARC = YES;
				CLANG_WARN_BLOCK_CAPTURE_AUTORELEASING = YES;
				CLANG_WARN_BOOL_CONVERSION = YES;
				CLANG_WARN_COMMA = YES;
				CLANG_WARN_CONSTANT_CONVERSION = YES;
				CLANG_WARN_DIRECT_OBJC_ISA_USAGE = YES_ERROR;
				CLANG_WARN_DOCUMENTATION_COMMENTS = YES;
				CLANG_WARN_EMPTY_BODY = YES;
				CLANG_WARN_ENUM_CONVERSION = YES;
				CLANG_WARN_INFINITE_RECURSION = YES;
				CLANG_WARN_INT_CONVERSION = YES;
				CLANG_WARN_NON_LITERAL_NULL_CONVERSION = YES;
				CLANG_WARN_OBJC_LITERAL_CONVERSION = YES;
				CLANG_WARN_OBJC_ROOT_CLASS = YES_ERROR;
				CLANG_WARN_RANGE_LOOP_ANALYSIS = YES;
				CLANG_WARN_STRICT_PROTOTYPES = YES;
				CLANG_WARN_SUSPICIOUS_MOVE = YES;
				CLANG_WARN_UNGUARDED_AVAILABILITY = YES_AGGRESSIVE;
				CLANG_WARN_UNREACHABLE_CODE = YES;
				CLANG_WARN__DUPLICATE_METHOD_MATCH = YES;
				CODE_SIGN_IDENTITY = "iPhone Developer";
				COPY_PHASE_STRIP = NO;
				DEBUG_INFORMATION_FORMAT = dwarf;
				ENABLE_STRICT_OBJC_MSGSEND = YES;
				ENABLE_TESTABILITY = YES;
				GCC_C_LANGUAGE_STANDARD = gnu11;
				GCC_DYNAMIC_NO_PIC = NO;
				GCC_NO_COMMON_BLOCKS = YES;
				GCC_OPTIMIZATION_LEVEL = 0;
				GCC_PREPROCESSOR_DEFINITIONS = (
					"DEBUG=1",
					"$(inherited)",
				);
				GCC_WARN_64_TO_32_BIT_CONVERSION = YES;
				GCC_WARN_ABOUT_RETURN_TYPE = YES_ERROR;
				GCC_WARN_UNDECLARED_SELECTOR = YES;
				GCC_WARN_UNINITIALIZED_AUTOS = YES_AGGRESSIVE;
				GCC_WARN_UNUSED_FUNCTION = YES;
				GCC_WARN_UNUSED_VARIABLE = YES;
				IPHONEOS_DEPLOYMENT_TARGET = 11.1;
				MTL_ENABLE_DEBUG_INFO = YES;
				ONLY_ACTIVE_ARCH = YES;
				SDKROOT = iphoneos;
				SWIFT_ACTIVE_COMPILATION_CONDITIONS = DEBUG;
				SWIFT_OPTIMIZATION_LEVEL = "-Onone";
			};
			name = Debug;
		};
		C1C48DD81FC72536006EC9BE /* Release */ = {
			isa = XCBuildConfiguration;
			buildSettings = {
				ALWAYS_SEARCH_USER_PATHS = NO;
				CLANG_ANALYZER_NONNULL = YES;
				CLANG_ANALYZER_NUMBER_OBJECT_CONVERSION = YES_AGGRESSIVE;
				CLANG_CXX_LANGUAGE_STANDARD = "gnu++14";
				CLANG_CXX_LIBRARY = "libc++";
				CLANG_ENABLE_MODULES = YES;
				CLANG_ENABLE_OBJC_ARC = YES;
				CLANG_WARN_BLOCK_CAPTURE_AUTORELEASING = YES;
				CLANG_WARN_BOOL_CONVERSION = YES;
				CLANG_WARN_COMMA = YES;
				CLANG_WARN_CONSTANT_CONVERSION = YES;
				CLANG_WARN_DIRECT_OBJC_ISA_USAGE = YES_ERROR;
				CLANG_WARN_DOCUMENTATION_COMMENTS = YES;
				CLANG_WARN_EMPTY_BODY = YES;
				CLANG_WARN_ENUM_CONVERSION = YES;
				CLANG_WARN_INFINITE_RECURSION = YES;
				CLANG_WARN_INT_CONVERSION = YES;
				CLANG_WARN_NON_LITERAL_NULL_CONVERSION = YES;
				CLANG_WARN_OBJC_LITERAL_CONVERSION = YES;
				CLANG_WARN_OBJC_ROOT_CLASS = YES_ERROR;
				CLANG_WARN_RANGE_LOOP_ANALYSIS = YES;
				CLANG_WARN_STRICT_PROTOTYPES = YES;
				CLANG_WARN_SUSPICIOUS_MOVE = YES;
				CLANG_WARN_UNGUARDED_AVAILABILITY = YES_AGGRESSIVE;
				CLANG_WARN_UNREACHABLE_CODE = YES;
				CLANG_WARN__DUPLICATE_METHOD_MATCH = YES;
				CODE_SIGN_IDENTITY = "iPhone Developer";
				COPY_PHASE_STRIP = NO;
				DEBUG_INFORMATION_FORMAT = "dwarf-with-dsym";
				ENABLE_NS_ASSERTIONS = NO;
				ENABLE_STRICT_OBJC_MSGSEND = YES;
				GCC_C_LANGUAGE_STANDARD = gnu11;
				GCC_NO_COMMON_BLOCKS = YES;
				GCC_WARN_64_TO_32_BIT_CONVERSION = YES;
				GCC_WARN_ABOUT_RETURN_TYPE = YES_ERROR;
				GCC_WARN_UNDECLARED_SELECTOR = YES;
				GCC_WARN_UNINITIALIZED_AUTOS = YES_AGGRESSIVE;
				GCC_WARN_UNUSED_FUNCTION = YES;
				GCC_WARN_UNUSED_VARIABLE = YES;
				IPHONEOS_DEPLOYMENT_TARGET = 11.1;
				MTL_ENABLE_DEBUG_INFO = NO;
				SDKROOT = iphoneos;
				SWIFT_OPTIMIZATION_LEVEL = "-Owholemodule";
				VALIDATE_PRODUCT = YES;
			};
			name = Release;
		};
		C1C48DDA1FC72536006EC9BE /* Debug */ = {
			isa = XCBuildConfiguration;
			buildSettings = {
				ASSETCATALOG_COMPILER_APPICON_NAME = AppIcon;
				CODE_SIGN_STYLE = Automatic;
				DEVELOPMENT_TEAM = K5BY6YG2RC;
				INFOPLIST_FILE = ArtworksOnCampus/Info.plist;
				LD_RUNPATH_SEARCH_PATHS = "$(inherited) @executable_path/Frameworks";
				PRODUCT_BUNDLE_IDENTIFIER = com.m4rkwils0n.UoL.ArtworksOnCampus;
				PRODUCT_NAME = "$(TARGET_NAME)";
				SWIFT_VERSION = 4.0;
				TARGETED_DEVICE_FAMILY = "1,2";
			};
			name = Debug;
		};
		C1C48DDB1FC72536006EC9BE /* Release */ = {
			isa = XCBuildConfiguration;
			buildSettings = {
				ASSETCATALOG_COMPILER_APPICON_NAME = AppIcon;
				CODE_SIGN_STYLE = Automatic;
				DEVELOPMENT_TEAM = K5BY6YG2RC;
				INFOPLIST_FILE = ArtworksOnCampus/Info.plist;
				LD_RUNPATH_SEARCH_PATHS = "$(inherited) @executable_path/Frameworks";
				PRODUCT_BUNDLE_IDENTIFIER = com.m4rkwils0n.UoL.ArtworksOnCampus;
				PRODUCT_NAME = "$(TARGET_NAME)";
				SWIFT_VERSION = 4.0;
				TARGETED_DEVICE_FAMILY = "1,2";
			};
			name = Release;
		};
/* End XCBuildConfiguration section */

/* Begin XCConfigurationList section */
		C1C48DBF1FC72536006EC9BE /* Build configuration list for PBXProject "ArtworksOnCampus" */ = {
			isa = XCConfigurationList;
			buildConfigurations = (
				C1C48DD71FC72536006EC9BE /* Debug */,
				C1C48DD81FC72536006EC9BE /* Release */,
			);
			defaultConfigurationIsVisible = 0;
			defaultConfigurationName = Release;
		};
		C1C48DD91FC72536006EC9BE /* Build configuration list for PBXNativeTarget "ArtworksOnCampus" */ = {
			isa = XCConfigurationList;
			buildConfigurations = (
				C1C48DDA1FC72536006EC9BE /* Debug */,
				C1C48DDB1FC72536006EC9BE /* Release */,
			);
			defaultConfigurationIsVisible = 0;
			defaultConfigurationName = Release;
		};
/* End XCConfigurationList section */

/* Begin XCVersionGroup section */
		C1C48DCE1FC72536006EC9BE /* ArtworksOnCampus.xcdatamodeld */ = {
			isa = XCVersionGroup;
			children = (
				C1C48DCF1FC72536006EC9BE /* ArtworksOnCampus.xcdatamodel */,
			);
			currentVersion = C1C48DCF1FC72536006EC9BE /* ArtworksOnCampus.xcdatamodel */;
			path = ArtworksOnCampus.xcdatamodeld;
			sourceTree = "<group>";
			versionGroupType = wrapper.xcdatamodel;
		};
/* End XCVersionGroup section */
	};
	rootObject = C1C48DBC1FC72536006EC9BE /* Project object */;
}
